
Microsoft Visual Studio Solution File, Format Version 12.00
# Visual Studio Version 17
VisualStudioVersion = 17.2.32505.173
MinimumVisualStudioVersion = 10.0.40219.1
Project("{FAE04EC0-301F-11D3-BF4B-00C04F79EFBC}") = "Colletta_internazionale", "Colletta_internazionale\Colletta_internazionale.csproj", "{89446A71-0269-4C4E-82EA-940059B4F375}"
EndProject
Global
	GlobalSection(SolutionConfigurationPlatforms) = preSolution
		Debug|Any CPU = Debug|Any CPU
		Release|Any CPU = Release|Any CPU
	EndGlobalSection
	GlobalSection(ProjectConfigurationPlatforms) = postSolution
		{89446A71-0269-4C4E-82EA-940059B4F375}.Debug|Any CPU.ActiveCfg = Debug|Any CPU
		{89446A71-0269-4C4E-82EA-940059B4F375}.Debug|Any CPU.Build.0 = Debug|Any CPU
		{89446A71-0269-4C4E-82EA-940059B4F375}.Release|Any CPU.ActiveCfg = Release|Any CPU
		{89446A71-0269-4C4E-82EA-940059B4F375}.Release|Any CPU.Build.0 = Release|Any CPU
	EndGlobalSection
	GlobalSection(SolutionProperties) = preSolution
		HideSolutionNode = FALSE
	EndGlobalSection
	GlobalSection(ExtensibilityGlobals) = postSolution
		SolutionGuid = {12EFCADA-ED88-4B85-A125-91416DDC0860}
	EndGlobalSection
EndGlobal
